version = 1
revision = 3
requires-python = ">=3.14"

[[package]]
name = "lark"
version = "1.3.1"
source = { registry = "https://pypi.org/simple" }
sdist = { url = "https://files.pythonhosted.org/packages/da/34/28fff3ab31ccff1fd4f6c7c7b0ceb2b6968d8ea4950663eadcb5720591a0/lark-1.3.1.tar.gz", hash = "sha256:b426a7a6d6d53189d318f2b6236ab5d6429eaf09259f1ca33eb716eed10d2905", size = 382732, upload-time = "2025-10-27T18:25:56.653Z" }
wheels = [
    { url = "https://files.pythonhosted.org/packages/82/3d/14ce75ef66813643812f3093ab17e46d3a206942ce7376d31ec2d36229e7/lark-1.3.1-py3-none-any.whl", hash = "sha256:c629b661023a014c37da873b4ff58a817398d12635d3bbb2c5a03be7fe5d1e12", size = 113151, upload-time = "2025-10-27T18:25:54.882Z" },
]

[[package]]
name = "prettyerr"
version = "0.0.3"
source = { registry = "https://pypi.org/simple" }
sdist = { url = "https://files.pythonhosted.org/packages/a4/1b/e65fb2b9c7eb82a237066cf2b8b05e1247539baad33afae1be1b6fd676ff/prettyerr-0.0.3.tar.gz", hash = "sha256:9c8effb1939c8cbf6e382c77227a9397f7d38aef506fb0494708b707fa4d1756", size = 24889, upload-time = "2026-01-19T23:26:42.349Z" }
wheels = [
    { url = "https://files.pythonhosted.org/packages/b1/32/8cc913d941b7e3a6c553efcf8bcd39f74751c9f7129885a4593e2b2845ca/prettyerr-0.0.3-py3-none-any.whl", hash = "sha256:e6e531c4d54b10c66047332532efbfb8b17e96ce1de4cfb265266ed75aa7992e", size = 12823, upload-time = "2026-01-19T23:26:41.525Z" },
]

[[package]]
name = "turtles"
version = "2.0.0"
source = { editable = "." }
dependencies = [
    { name = "prettyerr" },
]

[package.optional-dependencies]
all = [
    { name = "lark" },
]
lark = [
    { name = "lark" },
]

[package.metadata]
requires-dist = [
    { name = "lark", marker = "extra == 'all'", specifier = ">=1.3.1" },
    { name = "lark", marker = "extra == 'lark'", specifier = ">=1.3.1" },
    { name = "prettyerr", specifier = ">=0.0.3" },
]
provides-extras = ["lark", "all"]
